// !$*UTF8*$!
{
	archiveVersion = 1;
	classes = {
	};
	objectVersion = 56;
	objects = {

/* Begin PBXBuildFile section */
		E00BCFB92BAAC97500C9E70C /* PhysicalBallsApp.swift in Sources */ = {isa = PBXBuildFile; fileRef = E00BCFB82BAAC97500C9E70C /* PhysicalBallsApp.swift */; };
		E00BCFBB2BAAC97500C9E70C /* ContentView.swift in Sources */ = {isa = PBXBuildFile; fileRef = E00BCFBA2BAAC97500C9E70C /* ContentView.swift */; };
		E00BCFBD2BAAC97500C9E70C /* Item.swift in Sources */ = {isa = PBXBuildFile; fileRef = E00BCFBC2BAAC97500C9E70C /* Item.swift */; };
		E00BCFBF2BAAC97700C9E70C /* Assets.xcassets in Resources */ = {isa = PBXBuildFile; fileRef = E00BCFBE2BAAC97700C9E70C /* Assets.xcassets */; };
		E00BCFC22BAAC97700C9E70C /* Preview Assets.xcassets in Resources */ = {isa = PBXBuildFile; fileRef = E00BCFC12BAAC97700C9E70C /* Preview Assets.xcassets */; };
		E00BCFCA2BAAC9A900C9E70C /* Ball_Bouncing.swift in Sources */ = {isa = PBXBuildFile; fileRef = E00BCFC82BAAC9A900C9E70C /* Ball_Bouncing.swift */; };
		E00BCFCB2BAAC9A900C9E70C /* Ball_Gravity.swift in Sources */ = {isa = PBXBuildFile; fileRef = E00BCFC92BAAC9A900C9E70C /* Ball_Gravity.swift */; };
/* End PBXBuildFile section */

/* Begin PBXFileReference section */
		E00BCFB52BAAC97500C9E70C /* PhysicalBalls.app */ = {isa = PBXFileReference; explicitFileType = wrapper.application; includeInIndex = 0; path = PhysicalBalls.app; sourceTree = BUILT_PRODUCTS_DIR; };
		E00BCFB82BAAC97500C9E70C /* PhysicalBallsApp.swift */ = {isa = PBXFileReference; lastKnownFileType = sourcecode.swift; path = PhysicalBallsApp.swift; sourceTree = "<group>"; };
		E00BCFBA2BAAC97500C9E70C /* ContentView.swift */ = {isa = PBXFileReference; lastKnownFileType = sourcecode.swift; path = ContentView.swift; sourceTree = "<group>"; };
		E00BCFBC2BAAC97500C9E70C /* Item.swift */ = {isa = PBXFileReference; lastKnownFileType = sourcecode.swift; path = Item.swift; sourceTree = "<group>"; };
		E00BCFBE2BAAC97700C9E70C /* Assets.xcassets */ = {isa = PBXFileReference; lastKnownFileType = folder.assetcatalog; path = Assets.xcassets; sourceTree = "<group>"; };
		E00BCFC12BAAC97700C9E70C /* Preview Assets.xcassets */ = {isa = PBXFileReference; lastKnownFileType = folder.assetcatalog; path = "Preview Assets.xcassets"; sourceTree = "<group>"; };
		E00BCFC82BAAC9A900C9E70C /* Ball_Bouncing.swift */ = {isa = PBXFileReference; fileEncoding = 4; lastKnownFileType = sourcecode.swift; path = Ball_Bouncing.swift; sourceTree = "<group>"; };
		E00BCFC92BAAC9A900C9E70C /* Ball_Gravity.swift */ = {isa = PBXFileReference; fileEncoding = 4; lastKnownFileType = sourcecode.swift; path = Ball_Gravity.swift; sourceTree = "<group>"; };
/* End PBXFileReference section */

/* Begin PBXFrameworksBuildPhase section */
		E00BCFB22BAAC97500C9E70C /* Frameworks */ = {
			isa = PBXFrameworksBuildPhase;
			buildActionMask = 2147483647;
			files = (
			);
			runOnlyForDeploymentPostprocessing = 0;
		};
/* End PBXFrameworksBuildPhase section */

/* Begin PBXGroup section */
		E00BCFAC2BAAC97500C9E70C = {
			isa = PBXGroup;
			children = (
				E00BCFB72BAAC97500C9E70C /* PhysicalBalls */,
				E00BCFB62BAAC97500C9E70C /* Products */,
			);
			sourceTree = "<group>";
		};
		E00BCFB62BAAC97500C9E70C /* Products */ = {
			isa = PBXGroup;
			children = (
				E00BCFB52BAAC97500C9E70C /* PhysicalBalls.app */,
			);
			name = Products;
			sourceTree = "<group>";
		};
		E00BCFB72BAAC97500C9E70C /* PhysicalBalls */ = {
			isa = PBXGroup;
			children = (
				E00BCFB82BAAC97500C9E70C /* PhysicalBallsApp.swift */,
				E00BCFC92BAAC9A900C9E70C /* Ball_Gravity.swift */,
				E00BCFC82BAAC9A900C9E70C /* Ball_Bouncing.swift */,
				E00BCFBA2BAAC97500C9E70C /* ContentView.swift */,
				E00BCFBC2BAAC97500C9E70C /* Item.swift */,
				E00BCFBE2BAAC97700C9E70C /* Assets.xcassets */,
				E00BCFC02BAAC97700C9E70C /* Preview Content */,
			);
			path = PhysicalBalls;
			sourceTree = "<group>";
		};
		E00BCFC02BAAC97700C9E70C /* Preview Content */ = {
			isa = PBXGroup;
			children = (
				E00BCFC12BAAC97700C9E70C /* Preview Assets.xcassets */,
			);
			path = "Preview Content";
			sourceTree = "<group>";
		};
/* End PBXGroup section */

/* Begin PBXNativeTarget section */
		E00BCFB42BAAC97500C9E70C /* PhysicalBalls */ = {
			isa = PBXNativeTarget;
			buildConfigurationList = E00BCFC52BAAC97700C9E70C /* Build configuration list for PBXNativeTarget "PhysicalBalls" */;
			buildPhases = (
				E00BCFB12BAAC97500C9E70C /* Sources */,
				E00BCFB22BAAC97500C9E70C /* Frameworks */,
				E00BCFB32BAAC97500C9E70C /* Resources */,
			);
			buildRules = (
			);
			dependencies = (
			);
			name = PhysicalBalls;
			productName = PhysicalBalls;
			productReference = E00BCFB52BAAC97500C9E70C /* PhysicalBalls.app */;
			productType = "com.apple.product-type.application";
		};
/* End PBXNativeTarget section */

/* Begin PBXProject section */
		E00BCFAD2BAAC97500C9E70C /* Project object */ = {
			isa = PBXProject;
			attributes = {
				BuildIndependentTargetsInParallel = 1;
				LastSwiftUpdateCheck = 1520;
				LastUpgradeCheck = 1520;
				TargetAttributes = {
					E00BCFB42BAAC97500C9E70C = {
						CreatedOnToolsVersion = 15.2;
					};
				};
			};
			buildConfigurationList = E00BCFB02BAAC97500C9E70C /* Build configuration list for PBXProject "PhysicalBalls" */;
			compatibilityVersion = "Xcode 14.0";
			developmentRegion = en;
			hasScannedForEncodings = 0;
			knownRegions = (
				en,
				Base,
			);
			mainGroup = E00BCFAC2BAAC97500C9E70C;
			productRefGroup = E00BCFB62BAAC97500C9E70C /* Products */;
			projectDirPath = "";
			projectRoot = "";
			targets = (
				E00BCFB42BAAC97500C9E70C /* PhysicalBalls */,
			);
		};
/* End PBXProject section */

/* Begin PBXResourcesBuildPhase section */
		E00BCFB32BAAC97500C9E70C /* Resources */ = {
			isa = PBXResourcesBuildPhase;
			buildActionMask = 2147483647;
			files = (
				E00BCFC22BAAC97700C9E70C /* Preview Assets.xcassets in Resources */,
				E00BCFBF2BAAC97700C9E70C /* Assets.xcassets in Resources */,
			);
			runOnlyForDeploymentPostprocessing = 0;
		};
/* End PBXResourcesBuildPhase section */

/* Begin PBXSourcesBuildPhase section */
		E00BCFB12BAAC97500C9E70C /* Sources */ = {
			isa = PBXSourcesBuildPhase;
			buildActionMask = 2147483647;
			files = (
				E00BCFCA2BAAC9A900C9E70C /* Ball_Bouncing.swift in Sources */,
				E00BCFBB2BAAC97500C9E70C /* ContentView.swift in Sources */,
				E00BCFBD2BAAC97500C9E70C /* Item.swift in Sources */,
				E00BCFB92BAAC97500C9E70C /* PhysicalBallsApp.swift in Sources */,
				E00BCFCB2BAAC9A900C9E70C /* Ball_Gravity.swift in Sources */,
			);
			runOnlyForDeploymentPostprocessing = 0;
		};
/* End PBXSourcesBuildPhase section */

/* Begin XCBuildConfiguration section */
		E00BCFC32BAAC97700C9E70C /* Debug */ = {
			isa = XCBuildConfiguration;
			buildSettings = {
				ALWAYS_SEARCH_USER_PATHS = NO;
				ASSETCATALOG_COMPILER_GENERATE_SWIFT_ASSET_SYMBOL_EXTENSIONS = YES;
				CLANG_ANALYZER_NONNULL = YES;
				CLANG_ANALYZER_NUMBER_OBJECT_CONVERSION = YES_AGGRESSIVE;
				CLANG_CXX_LANGUAGE_STANDARD = "gnu++20";
				CLANG_ENABLE_MODULES = YES;
				CLANG_ENABLE_OBJC_ARC = YES;
				CLANG_ENABLE_OBJC_WEAK = YES;
				CLANG_WARN_BLOCK_CAPTURE_AUTORELEASING = YES;
				CLANG_WARN_BOOL_CONVERSION = YES;
				CLANG_WARN_COMMA = YES;
				CLANG_WARN_CONSTANT_CONVERSION = YES;
				CLANG_WARN_DEPRECATED_OBJC_IMPLEMENTATIONS = YES;
				CLANG_WARN_DIRECT_OBJC_ISA_USAGE = YES_ERROR;
				CLANG_WARN_DOCUMENTATION_COMMENTS = YES;
				CLANG_WARN_EMPTY_BODY = YES;
				CLANG_WARN_ENUM_CONVERSION = YES;
				CLANG_WARN_INFINITE_RECURSION = YES;
				CLANG_WARN_INT_CONVERSION = YES;
				CLANG_WARN_NON_LITERAL_NULL_CONVERSION = YES;
				CLANG_WARN_OBJC_IMPLICIT_RETAIN_SELF = YES;
				CLANG_WARN_OBJC_LITERAL_CONVERSION = YES;
				CLANG_WARN_OBJC_ROOT_CLASS = YES_ERROR;
				CLANG_WARN_QUOTED_INCLUDE_IN_FRAMEWORK_HEADER = YES;
				CLANG_WARN_RANGE_LOOP_ANALYSIS = YES;
				CLANG_WARN_STRICT_PROTOTYPES = YES;
				CLANG_WARN_SUSPICIOUS_MOVE = YES;
				CLANG_WARN_UNGUARDED_AVAILABILITY = YES_AGGRESSIVE;
				CLANG_WARN_UNREACHABLE_CODE = YES;
				CLANG_WARN__DUPLICATE_METHOD_MATCH = YES;
				COPY_PHASE_STRIP = NO;
				DEBUG_INFORMATION_FORMAT = dwarf;
				ENABLE_STRICT_OBJC_MSGSEND = YES;
				ENABLE_TESTABILITY = YES;
				ENABLE_USER_SCRIPT_SANDBOXING = YES;
				GCC_C_LANGUAGE_STANDARD = gnu17;
				GCC_DYNAMIC_NO_PIC = NO;
				GCC_NO_COMMON_BLOCKS = YES;
				GCC_OPTIMIZATION_LEVEL = 0;
				GCC_PREPROCESSOR_DEFINITIONS = (
					"DEBUG=1",
					"$(inherited)",
				);
				GCC_WARN_64_TO_32_BIT_CONVERSION = YES;
				GCC_WARN_ABOUT_RETURN_TYPE = YES_ERROR;
				GCC_WARN_UNDECLARED_SELECTOR = YES;
				GCC_WARN_UNINITIALIZED_AUTOS = YES_AGGRESSIVE;
				GCC_WARN_UNUSED_FUNCTION = YES;
				GCC_WARN_UNUSED_VARIABLE = YES;
				IPHONEOS_DEPLOYMENT_TARGET = 17.2;
				LOCALIZATION_PREFERS_STRING_CATALOGS = YES;
				MTL_ENABLE_DEBUG_INFO = INCLUDE_SOURCE;
				MTL_FAST_MATH = YES;
				ONLY_ACTIVE_ARCH = YES;
				SDKROOT = iphoneos;
				SWIFT_ACTIVE_COMPILATION_CONDITIONS = "DEBUG $(inherited)";
				SWIFT_OPTIMIZATION_LEVEL = "-Onone";
			};
			name = Debug;
		};
		E00BCFC42BAAC97700C9E70C /* Release */ = {
			isa = XCBuildConfiguration;
			buildSettings = {
				ALWAYS_SEARCH_USER_PATHS = NO;
				ASSETCATALOG_COMPILER_GENERATE_SWIFT_ASSET_SYMBOL_EXTENSIONS = YES;
				CLANG_ANALYZER_NONNULL = YES;
				CLANG_ANALYZER_NUMBER_OBJECT_CONVERSION = YES_AGGRESSIVE;
				CLANG_CXX_LANGUAGE_STANDARD = "gnu++20";
				CLANG_ENABLE_MODULES = YES;
				CLANG_ENABLE_OBJC_ARC = YES;
				CLANG_ENABLE_OBJC_WEAK = YES;
				CLANG_WARN_BLOCK_CAPTURE_AUTORELEASING = YES;
				CLANG_WARN_BOOL_CONVERSION = YES;
				CLANG_WARN_COMMA = YES;
				CLANG_WARN_CONSTANT_CONVERSION = YES;
				CLANG_WARN_DEPRECATED_OBJC_IMPLEMENTATIONS = YES;
				CLANG_WARN_DIRECT_OBJC_ISA_USAGE = YES_ERROR;
				CLANG_WARN_DOCUMENTATION_COMMENTS = YES;
				CLANG_WARN_EMPTY_BODY = YES;
				CLANG_WARN_ENUM_CONVERSION = YES;
				CLANG_WARN_INFINITE_RECURSION = YES;
				CLANG_WARN_INT_CONVERSION = YES;
				CLANG_WARN_NON_LITERAL_NULL_CONVERSION = YES;
				CLANG_WARN_OBJC_IMPLICIT_RETAIN_SELF = YES;
				CLANG_WARN_OBJC_LITERAL_CONVERSION = YES;
				CLANG_WARN_OBJC_ROOT_CLASS = YES_ERROR;
				CLANG_WARN_QUOTED_INCLUDE_IN_FRAMEWORK_HEADER = YES;
				CLANG_WARN_RANGE_LOOP_ANALYSIS = YES;
				CLANG_WARN_STRICT_PROTOTYPES = YES;
				CLANG_WARN_SUSPICIOUS_MOVE = YES;
				CLANG_WARN_UNGUARDED_AVAILABILITY = YES_AGGRESSIVE;
				CLANG_WARN_UNREACHABLE_CODE = YES;
				CLANG_WARN__DUPLICATE_METHOD_MATCH = YES;
				COPY_PHASE_STRIP = NO;
				DEBUG_INFORMATION_FORMAT = "dwarf-with-dsym";
				ENABLE_NS_ASSERTIONS = NO;
				ENABLE_STRICT_OBJC_MSGSEND = YES;
				ENABLE_USER_SCRIPT_SANDBOXING = YES;
				GCC_C_LANGUAGE_STANDARD = gnu17;
				GCC_NO_COMMON_BLOCKS = YES;
				GCC_WARN_64_TO_32_BIT_CONVERSION = YES;
				GCC_WARN_ABOUT_RETURN_TYPE = YES_ERROR;
				GCC_WARN_UNDECLARED_SELECTOR = YES;
				GCC_WARN_UNINITIALIZED_AUTOS = YES_AGGRESSIVE;
				GCC_WARN_UNUSED_FUNCTION = YES;
				GCC_WARN_UNUSED_VARIABLE = YES;
				IPHONEOS_DEPLOYMENT_TARGET = 17.2;
				LOCALIZATION_PREFERS_STRING_CATALOGS = YES;
				MTL_ENABLE_DEBUG_INFO = NO;
				MTL_FAST_MATH = YES;
				SDKROOT = iphoneos;
				SWIFT_COMPILATION_MODE = wholemodule;
				VALIDATE_PRODUCT = YES;
			};
			name = Release;
		};
		E00BCFC62BAAC97700C9E70C /* Debug */ = {
			isa = XCBuildConfiguration;
			buildSettings = {
				ASSETCATALOG_COMPILER_APPICON_NAME = AppIcon;
				ASSETCATALOG_COMPILER_GLOBAL_ACCENT_COLOR_NAME = AccentColor;
				CODE_SIGN_STYLE = Automatic;
				CURRENT_PROJECT_VERSION = 1;
				DEVELOPMENT_ASSET_PATHS = "\"PhysicalBalls/Preview Content\"";
				DEVELOPMENT_TEAM = H774PB33GD;
				ENABLE_PREVIEWS = YES;
				GENERATE_INFOPLIST_FILE = YES;
				INFOPLIST_KEY_UIApplicationSceneManifest_Generation = YES;
				INFOPLIST_KEY_UIApplicationSupportsIndirectInputEvents = YES;
				INFOPLIST_KEY_UILaunchScreen_Generation = YES;
				INFOPLIST_KEY_UISupportedInterfaceOrientations_iPad = "UIInterfaceOrientationPortrait UIInterfaceOrientationPortraitUpsideDown UIInterfaceOrientationLandscapeLeft UIInterfaceOrientationLandscapeRight";
				INFOPLIST_KEY_UISupportedInterfaceOrientations_iPhone = "UIInterfaceOrientationPortrait UIInterfaceOrientationLandscapeLeft UIInterfaceOrientationLandscapeRight";
				LD_RUNPATH_SEARCH_PATHS = (
					"$(inherited)",
					"@executable_path/Frameworks",
				);
				MARKETING_VERSION = 1.0;
				PRODUCT_BUNDLE_IDENTIFIER = com.atease.PhysicalBalls;
				PRODUCT_NAME = "$(TARGET_NAME)";
				SWIFT_EMIT_LOC_STRINGS = YES;
				SWIFT_VERSION = 5.0;
				TARGETED_DEVICE_FAMILY = "1,2";
			};
			name = Debug;
		};
		E00BCFC72BAAC97700C9E70C /* Release */ = {
			isa = XCBuildConfiguration;
			buildSettings = {
				ASSETCATALOG_COMPILER_APPICON_NAME = AppIcon;
				ASSETCATALOG_COMPILER_GLOBAL_ACCENT_COLOR_NAME = AccentColor;
				CODE_SIGN_STYLE = Automatic;
				CURRENT_PROJECT_VERSION = 1;
				DEVELOPMENT_ASSET_PATHS = "\"PhysicalBalls/Preview Content\"";
				DEVELOPMENT_TEAM = H774PB33GD;
				ENABLE_PREVIEWS = YES;
				GENERATE_INFOPLIST_FILE = YES;
				INFOPLIST_KEY_UIApplicationSceneManifest_Generation = YES;
				INFOPLIST_KEY_UIApplicationSupportsIndirectInputEvents = YES;
				INFOPLIST_KEY_UILaunchScreen_Generation = YES;
				INFOPLIST_KEY_UISupportedInterfaceOrientations_iPad = "UIInterfaceOrientationPortrait UIInterfaceOrientationPortraitUpsideDown UIInterfaceOrientationLandscapeLeft UIInterfaceOrientationLandscapeRight";
				INFOPLIST_KEY_UISupportedInterfaceOrientations_iPhone = "UIInterfaceOrientationPortrait UIInterfaceOrientationLandscapeLeft UIInterfaceOrientationLandscapeRight";
				LD_RUNPATH_SEARCH_PATHS = (
					"$(inherited)",
					"@executable_path/Frameworks",
				);
				MARKETING_VERSION = 1.0;
				PRODUCT_BUNDLE_IDENTIFIER = com.atease.PhysicalBalls;
				PRODUCT_NAME = "$(TARGET_NAME)";
				SWIFT_EMIT_LOC_STRINGS = YES;
				SWIFT_VERSION = 5.0;
				TARGETED_DEVICE_FAMILY = "1,2";
			};
			name = Release;
		};
/* End XCBuildConfiguration section */

/* Begin XCConfigurationList section */
		E00BCFB02BAAC97500C9E70C /* Build configuration list for PBXProject "PhysicalBalls" */ = {
			isa = XCConfigurationList;
			buildConfigurations = (
				E00BCFC32BAAC97700C9E70C /* Debug */,
				E00BCFC42BAAC97700C9E70C /* Release */,
			);
			defaultConfigurationIsVisible = 0;
			defaultConfigurationName = Release;
		};
		E00BCFC52BAAC97700C9E70C /* Build configuration list for PBXNativeTarget "PhysicalBalls" */ = {
			isa = XCConfigurationList;
			buildConfigurations = (
				E00BCFC62BAAC97700C9E70C /* Debug */,
				E00BCFC72BAAC97700C9E70C /* Release */,
			);
			defaultConfigurationIsVisible = 0;
			defaultConfigurationName = Release;
		};
/* End XCConfigurationList section */
	};
	rootObject = E00BCFAD2BAAC97500C9E70C /* Project object */;
}
